// !$*UTF8*$!
{
	archiveVersion = 1;
	classes = {
	};
	objectVersion = 55;
	objects = {

/* Begin PBXBuildFile section */
		EF083C8A289824C2004D262D /* AppDelegate.swift in Sources */ = {isa = PBXBuildFile; fileRef = EF083C89289824C2004D262D /* AppDelegate.swift */; };
		EF083C8C289824C2004D262D /* SceneDelegate.swift in Sources */ = {isa = PBXBuildFile; fileRef = EF083C8B289824C2004D262D /* SceneDelegate.swift */; };
		EF083C8E289824C2004D262D /* MemoListVC.swift in Sources */ = {isa = PBXBuildFile; fileRef = EF083C8D289824C2004D262D /* MemoListVC.swift */; };
		EF083C91289824C2004D262D /* Main.storyboard in Resources */ = {isa = PBXBuildFile; fileRef = EF083C8F289824C2004D262D /* Main.storyboard */; };
		EF083C93289824C2004D262D /* Assets.xcassets in Resources */ = {isa = PBXBuildFile; fileRef = EF083C92289824C2004D262D /* Assets.xcassets */; };
		EF083C96289824C2004D262D /* LaunchScreen.storyboard in Resources */ = {isa = PBXBuildFile; fileRef = EF083C94289824C2004D262D /* LaunchScreen.storyboard */; };
		EFC2C46028998AE100435275 /* MemoFormVC.swift in Sources */ = {isa = PBXBuildFile; fileRef = EFC2C45F28998AE100435275 /* MemoFormVC.swift */; };
		EFC2C46228998AF500435275 /* MemoReadVC.swift in Sources */ = {isa = PBXBuildFile; fileRef = EFC2C46128998AF500435275 /* MemoReadVC.swift */; };
		EFC2C467289ACE8B00435275 /* MemoCell.swift in Sources */ = {isa = PBXBuildFile; fileRef = EFC2C466289ACE8B00435275 /* MemoCell.swift */; };
		EFC2C46A289ACEB100435275 /* MemoData.swift in Sources */ = {isa = PBXBuildFile; fileRef = EFC2C469289ACEB100435275 /* MemoData.swift */; };
		EFC2C46D289C234A00435275 /* ExArray.swift in Sources */ = {isa = PBXBuildFile; fileRef = EFC2C46C289C234A00435275 /* ExArray.swift */; };
/* End PBXBuildFile section */

/* Begin PBXFileReference section */
		EF083C86289824C1004D262D /* Chapter01.app */ = {isa = PBXFileReference; explicitFileType = wrapper.application; includeInIndex = 0; path = Chapter01.app; sourceTree = BUILT_PRODUCTS_DIR; };
		EF083C89289824C2004D262D /* AppDelegate.swift */ = {isa = PBXFileReference; lastKnownFileType = sourcecode.swift; path = AppDelegate.swift; sourceTree = "<group>"; };
		EF083C8B289824C2004D262D /* SceneDelegate.swift */ = {isa = PBXFileReference; lastKnownFileType = sourcecode.swift; path = SceneDelegate.swift; sourceTree = "<group>"; };
		EF083C8D289824C2004D262D /* MemoListVC.swift */ = {isa = PBXFileReference; lastKnownFileType = sourcecode.swift; path = MemoListVC.swift; sourceTree = "<group>"; };
		EF083C90289824C2004D262D /* Base */ = {isa = PBXFileReference; lastKnownFileType = file.storyboard; name = Base; path = Base.lproj/Main.storyboard; sourceTree = "<group>"; };
		EF083C92289824C2004D262D /* Assets.xcassets */ = {isa = PBXFileReference; lastKnownFileType = folder.assetcatalog; path = Assets.xcassets; sourceTree = "<group>"; };
		EF083C95289824C2004D262D /* Base */ = {isa = PBXFileReference; lastKnownFileType = file.storyboard; name = Base; path = Base.lproj/LaunchScreen.storyboard; sourceTree = "<group>"; };
		EF083C97289824C2004D262D /* Info.plist */ = {isa = PBXFileReference; lastKnownFileType = text.plist.xml; path = Info.plist; sourceTree = "<group>"; };
		EFC2C45F28998AE100435275 /* MemoFormVC.swift */ = {isa = PBXFileReference; lastKnownFileType = sourcecode.swift; path = MemoFormVC.swift; sourceTree = "<group>"; };
		EFC2C46128998AF500435275 /* MemoReadVC.swift */ = {isa = PBXFileReference; lastKnownFileType = sourcecode.swift; path = MemoReadVC.swift; sourceTree = "<group>"; };
		EFC2C466289ACE8B00435275 /* MemoCell.swift */ = {isa = PBXFileReference; lastKnownFileType = sourcecode.swift; path = MemoCell.swift; sourceTree = "<group>"; };
		EFC2C469289ACEB100435275 /* MemoData.swift */ = {isa = PBXFileReference; lastKnownFileType = sourcecode.swift; path = MemoData.swift; sourceTree = "<group>"; };
		EFC2C46C289C234A00435275 /* ExArray.swift */ = {isa = PBXFileReference; lastKnownFileType = sourcecode.swift; path = ExArray.swift; sourceTree = "<group>"; };
/* End PBXFileReference section */

/* Begin PBXFrameworksBuildPhase section */
		EF083C83289824C1004D262D /* Frameworks */ = {
			isa = PBXFrameworksBuildPhase;
			buildActionMask = 2147483647;
			files = (
			);
			runOnlyForDeploymentPostprocessing = 0;
		};
/* End PBXFrameworksBuildPhase section */

/* Begin PBXGroup section */
		EF083C7D289824C1004D262D = {
			isa = PBXGroup;
			children = (
				EF083C88289824C1004D262D /* Chapter01 */,
				EF083C87289824C1004D262D /* Products */,
			);
			sourceTree = "<group>";
		};
		EF083C87289824C1004D262D /* Products */ = {
			isa = PBXGroup;
			children = (
				EF083C86289824C1004D262D /* Chapter01.app */,
			);
			name = Products;
			sourceTree = "<group>";
		};
		EF083C88289824C1004D262D /* Chapter01 */ = {
			isa = PBXGroup;
			children = (
				EFC2C46F289FFEC500435275 /* Supporting Files */,
				EF083C9F28982975004D262D /* Sources */,
				EF083C9D289828E6004D262D /* Resources */,
				EF083C8F289824C2004D262D /* Main.storyboard */,
				EF083C94289824C2004D262D /* LaunchScreen.storyboard */,
			);
			path = Chapter01;
			sourceTree = "<group>";
		};
		EF083C9D289828E6004D262D /* Resources */ = {
			isa = PBXGroup;
			children = (
				EF083C92289824C2004D262D /* Assets.xcassets */,
			);
			path = Resources;
			sourceTree = "<group>";
		};
		EF083C9F28982975004D262D /* Sources */ = {
			isa = PBXGroup;
			children = (
				EFC2C46B289C233400435275 /* Extension */,
				EFC2C468289ACEA200435275 /* Model */,
				EFC2C465289ACE6700435275 /* View */,
				EF083CA028982997004D262D /* Controller */,
				EF083C89289824C2004D262D /* AppDelegate.swift */,
				EF083C8B289824C2004D262D /* SceneDelegate.swift */,
			);
			path = Sources;
			sourceTree = "<group>";
		};
		EF083CA028982997004D262D /* Controller */ = {
			isa = PBXGroup;
			children = (
				EF083C8D289824C2004D262D /* MemoListVC.swift */,
				EFC2C45F28998AE100435275 /* MemoFormVC.swift */,
				EFC2C46128998AF500435275 /* MemoReadVC.swift */,
			);
			path = Controller;
			sourceTree = "<group>";
		};
		EFC2C463289ACE4E00435275 /* Components */ = {
			isa = PBXGroup;
			children = (
				EFC2C464289ACE6200435275 /* TableViewCell */,
			);
			path = Components;
			sourceTree = "<group>";
		};
		EFC2C464289ACE6200435275 /* TableViewCell */ = {
			isa = PBXGroup;
			children = (
				EFC2C466289ACE8B00435275 /* MemoCell.swift */,
			);
			path = TableViewCell;
			sourceTree = "<group>";
		};
		EFC2C465289ACE6700435275 /* View */ = {
			isa = PBXGroup;
			children = (
				EFC2C463289ACE4E00435275 /* Components */,
			);
			path = View;
			sourceTree = "<group>";
		};
		EFC2C468289ACEA200435275 /* Model */ = {
			isa = PBXGroup;
			children = (
				EFC2C469289ACEB100435275 /* MemoData.swift */,
			);
			path = Model;
			sourceTree = "<group>";
		};
		EFC2C46B289C233400435275 /* Extension */ = {
			isa = PBXGroup;
			children = (
				EFC2C46C289C234A00435275 /* ExArray.swift */,
			);
			path = Extension;
			sourceTree = "<group>";
		};
		EFC2C46F289FFEC500435275 /* Supporting Files */ = {
			isa = PBXGroup;
			children = (
				EF083C97289824C2004D262D /* Info.plist */,
			);
			name = "Supporting Files";
			sourceTree = "<group>";
		};
/* End PBXGroup section */

/* Begin PBXNativeTarget section */
		EF083C85289824C1004D262D /* Chapter01 */ = {
			isa = PBXNativeTarget;
			buildConfigurationList = EF083C9A289824C2004D262D /* Build configuration list for PBXNativeTarget "Chapter01" */;
			buildPhases = (
				EF083C82289824C1004D262D /* Sources */,
				EF083C83289824C1004D262D /* Frameworks */,
				EF083C84289824C1004D262D /* Resources */,
			);
			buildRules = (
			);
			dependencies = (
			);
			name = Chapter01;
			productName = Chapter01;
			productReference = EF083C86289824C1004D262D /* Chapter01.app */;
			productType = "com.apple.product-type.application";
		};
/* End PBXNativeTarget section */

/* Begin PBXProject section */
		EF083C7E289824C1004D262D /* Project object */ = {
			isa = PBXProject;
			attributes = {
				BuildIndependentTargetsInParallel = 1;
				LastSwiftUpdateCheck = 1320;
				LastUpgradeCheck = 1320;
				TargetAttributes = {
					EF083C85289824C1004D262D = {
						CreatedOnToolsVersion = 13.2.1;
					};
				};
			};
			buildConfigurationList = EF083C81289824C1004D262D /* Build configuration list for PBXProject "Chapter01" */;
			compatibilityVersion = "Xcode 13.0";
			developmentRegion = en;
			hasScannedForEncodings = 0;
			knownRegions = (
				en,
				Base,
			);
			mainGroup = EF083C7D289824C1004D262D;
			productRefGroup = EF083C87289824C1004D262D /* Products */;
			projectDirPath = "";
			projectRoot = "";
			targets = (
				EF083C85289824C1004D262D /* Chapter01 */,
			);
		};
/* End PBXProject section */

/* Begin PBXResourcesBuildPhase section */
		EF083C84289824C1004D262D /* Resources */ = {
			isa = PBXResourcesBuildPhase;
			buildActionMask = 2147483647;
			files = (
				EF083C96289824C2004D262D /* LaunchScreen.storyboard in Resources */,
				EF083C93289824C2004D262D /* Assets.xcassets in Resources */,
				EF083C91289824C2004D262D /* Main.storyboard in Resources */,
			);
			runOnlyForDeploymentPostprocessing = 0;
		};
/* End PBXResourcesBuildPhase section */

/* Begin PBXSourcesBuildPhase section */
		EF083C82289824C1004D262D /* Sources */ = {
			isa = PBXSourcesBuildPhase;
			buildActionMask = 2147483647;
			files = (
				EF083C8E289824C2004D262D /* MemoListVC.swift in Sources */,
				EFC2C46228998AF500435275 /* MemoReadVC.swift in Sources */,
				EF083C8A289824C2004D262D /* AppDelegate.swift in Sources */,
				EFC2C46A289ACEB100435275 /* MemoData.swift in Sources */,
				EFC2C46D289C234A00435275 /* ExArray.swift in Sources */,
				EFC2C46028998AE100435275 /* MemoFormVC.swift in Sources */,
				EF083C8C289824C2004D262D /* SceneDelegate.swift in Sources */,
				EFC2C467289ACE8B00435275 /* MemoCell.swift in Sources */,
			);
			runOnlyForDeploymentPostprocessing = 0;
		};
/* End PBXSourcesBuildPhase section */

/* Begin PBXVariantGroup section */
		EF083C8F289824C2004D262D /* Main.storyboard */ = {
			isa = PBXVariantGroup;
			children = (
				EF083C90289824C2004D262D /* Base */,
			);
			name = Main.storyboard;
			sourceTree = "<group>";
		};
		EF083C94289824C2004D262D /* LaunchScreen.storyboard */ = {
			isa = PBXVariantGroup;
			children = (
				EF083C95289824C2004D262D /* Base */,
			);
			name = LaunchScreen.storyboard;
			sourceTree = "<group>";
		};
/* End PBXVariantGroup section */

/* Begin XCBuildConfiguration section */
		EF083C98289824C2004D262D /* Debug */ = {
			isa = XCBuildConfiguration;
			buildSettings = {
				ALWAYS_SEARCH_USER_PATHS = NO;
				CLANG_ANALYZER_NONNULL = YES;
				CLANG_ANALYZER_NUMBER_OBJECT_CONVERSION = YES_AGGRESSIVE;
				CLANG_CXX_LANGUAGE_STANDARD = "gnu++17";
				CLANG_CXX_LIBRARY = "libc++";
				CLANG_ENABLE_MODULES = YES;
				CLANG_ENABLE_OBJC_ARC = YES;
				CLANG_ENABLE_OBJC_WEAK = YES;
				CLANG_WARN_BLOCK_CAPTURE_AUTORELEASING = YES;
				CLANG_WARN_BOOL_CONVERSION = YES;
				CLANG_WARN_COMMA = YES;
				CLANG_WARN_CONSTANT_CONVERSION = YES;
				CLANG_WARN_DEPRECATED_OBJC_IMPLEMENTATIONS = YES;
				CLANG_WARN_DIRECT_OBJC_ISA_USAGE = YES_ERROR;
				CLANG_WARN_DOCUMENTATION_COMMENTS = YES;
				CLANG_WARN_EMPTY_BODY = YES;
				CLANG_WARN_ENUM_CONVERSION = YES;
				CLANG_WARN_INFINITE_RECURSION = YES;
				CLANG_WARN_INT_CONVERSION = YES;
				CLANG_WARN_NON_LITERAL_NULL_CONVERSION = YES;
				CLANG_WARN_OBJC_IMPLICIT_RETAIN_SELF = YES;
				CLANG_WARN_OBJC_LITERAL_CONVERSION = YES;
				CLANG_WARN_OBJC_ROOT_CLASS = YES_ERROR;
				CLANG_WARN_QUOTED_INCLUDE_IN_FRAMEWORK_HEADER = YES;
				CLANG_WARN_RANGE_LOOP_ANALYSIS = YES;
				CLANG_WARN_STRICT_PROTOTYPES = YES;
				CLANG_WARN_SUSPICIOUS_MOVE = YES;
				CLANG_WARN_UNGUARDED_AVAILABILITY = YES_AGGRESSIVE;
				CLANG_WARN_UNREACHABLE_CODE = YES;
				CLANG_WARN__DUPLICATE_METHOD_MATCH = YES;
				COPY_PHASE_STRIP = NO;
				DEBUG_INFORMATION_FORMAT = dwarf;
				ENABLE_STRICT_OBJC_MSGSEND = YES;
				ENABLE_TESTABILITY = YES;
				GCC_C_LANGUAGE_STANDARD = gnu11;
				GCC_DYNAMIC_NO_PIC = NO;
				GCC_NO_COMMON_BLOCKS = YES;
				GCC_OPTIMIZATION_LEVEL = 0;
				GCC_PREPROCESSOR_DEFINITIONS = (
					"DEBUG=1",
					"$(inherited)",
				);
				GCC_WARN_64_TO_32_BIT_CONVERSION = YES;
				GCC_WARN_ABOUT_RETURN_TYPE = YES_ERROR;
				GCC_WARN_UNDECLARED_SELECTOR = YES;
				GCC_WARN_UNINITIALIZED_AUTOS = YES_AGGRESSIVE;
				GCC_WARN_UNUSED_FUNCTION = YES;
				GCC_WARN_UNUSED_VARIABLE = YES;
				IPHONEOS_DEPLOYMENT_TARGET = 15.2;
				MTL_ENABLE_DEBUG_INFO = INCLUDE_SOURCE;
				MTL_FAST_MATH = YES;
				ONLY_ACTIVE_ARCH = YES;
				SDKROOT = iphoneos;
				SWIFT_ACTIVE_COMPILATION_CONDITIONS = DEBUG;
				SWIFT_OPTIMIZATION_LEVEL = "-Onone";
			};
			name = Debug;
		};
		EF083C99289824C2004D262D /* Release */ = {
			isa = XCBuildConfiguration;
			buildSettings = {
				ALWAYS_SEARCH_USER_PATHS = NO;
				CLANG_ANALYZER_NONNULL = YES;
				CLANG_ANALYZER_NUMBER_OBJECT_CONVERSION = YES_AGGRESSIVE;
				CLANG_CXX_LANGUAGE_STANDARD = "gnu++17";
				CLANG_CXX_LIBRARY = "libc++";
				CLANG_ENABLE_MODULES = YES;
				CLANG_ENABLE_OBJC_ARC = YES;
				CLANG_ENABLE_OBJC_WEAK = YES;
				CLANG_WARN_BLOCK_CAPTURE_AUTORELEASING = YES;
				CLANG_WARN_BOOL_CONVERSION = YES;
				CLANG_WARN_COMMA = YES;
				CLANG_WARN_CONSTANT_CONVERSION = YES;
				CLANG_WARN_DEPRECATED_OBJC_IMPLEMENTATIONS = YES;
				CLANG_WARN_DIRECT_OBJC_ISA_USAGE = YES_ERROR;
				CLANG_WARN_DOCUMENTATION_COMMENTS = YES;
				CLANG_WARN_EMPTY_BODY = YES;
				CLANG_WARN_ENUM_CONVERSION = YES;
				CLANG_WARN_INFINITE_RECURSION = YES;
				CLANG_WARN_INT_CONVERSION = YES;
				CLANG_WARN_NON_LITERAL_NULL_CONVERSION = YES;
				CLANG_WARN_OBJC_IMPLICIT_RETAIN_SELF = YES;
				CLANG_WARN_OBJC_LITERAL_CONVERSION = YES;
				CLANG_WARN_OBJC_ROOT_CLASS = YES_ERROR;
				CLANG_WARN_QUOTED_INCLUDE_IN_FRAMEWORK_HEADER = YES;
				CLANG_WARN_RANGE_LOOP_ANALYSIS = YES;
				CLANG_WARN_STRICT_PROTOTYPES = YES;
				CLANG_WARN_SUSPICIOUS_MOVE = YES;
				CLANG_WARN_UNGUARDED_AVAILABILITY = YES_AGGRESSIVE;
				CLANG_WARN_UNREACHABLE_CODE = YES;
				CLANG_WARN__DUPLICATE_METHOD_MATCH = YES;
				COPY_PHASE_STRIP = NO;
				DEBUG_INFORMATION_FORMAT = "dwarf-with-dsym";
				ENABLE_NS_ASSERTIONS = NO;
				ENABLE_STRICT_OBJC_MSGSEND = YES;
				GCC_C_LANGUAGE_STANDARD = gnu11;
				GCC_NO_COMMON_BLOCKS = YES;
				GCC_WARN_64_TO_32_BIT_CONVERSION = YES;
				GCC_WARN_ABOUT_RETURN_TYPE = YES_ERROR;
				GCC_WARN_UNDECLARED_SELECTOR = YES;
				GCC_WARN_UNINITIALIZED_AUTOS = YES_AGGRESSIVE;
				GCC_WARN_UNUSED_FUNCTION = YES;
				GCC_WARN_UNUSED_VARIABLE = YES;
				IPHONEOS_DEPLOYMENT_TARGET = 15.2;
				MTL_ENABLE_DEBUG_INFO = NO;
				MTL_FAST_MATH = YES;
				SDKROOT = iphoneos;
				SWIFT_COMPILATION_MODE = wholemodule;
				SWIFT_OPTIMIZATION_LEVEL = "-O";
				VALIDATE_PRODUCT = YES;
			};
			name = Release;
		};
		EF083C9B289824C2004D262D /* Debug */ = {
			isa = XCBuildConfiguration;
			buildSettings = {
				ASSETCATALOG_COMPILER_APPICON_NAME = AppIcon;
				ASSETCATALOG_COMPILER_GLOBAL_ACCENT_COLOR_NAME = AccentColor;
				CODE_SIGN_STYLE = Automatic;
				CURRENT_PROJECT_VERSION = 1;
				DEVELOPMENT_TEAM = 5URVMMXQW6;
				GENERATE_INFOPLIST_FILE = YES;
				INFOPLIST_FILE = Chapter01/info.plist;
				INFOPLIST_KEY_UIApplicationSupportsIndirectInputEvents = YES;
				INFOPLIST_KEY_UILaunchStoryboardName = LaunchScreen;
				INFOPLIST_KEY_UIMainStoryboardFile = Main;
				INFOPLIST_KEY_UISupportedInterfaceOrientations_iPad = "UIInterfaceOrientationPortrait UIInterfaceOrientationPortraitUpsideDown UIInterfaceOrientationLandscapeLeft UIInterfaceOrientationLandscapeRight";
				INFOPLIST_KEY_UISupportedInterfaceOrientations_iPhone = "UIInterfaceOrientationPortrait UIInterfaceOrientationLandscapeLeft UIInterfaceOrientationLandscapeRight";
				LD_RUNPATH_SEARCH_PATHS = (
					"$(inherited)",
					"@executable_path/Frameworks",
				);
				MARKETING_VERSION = 1.0;
				PRODUCT_BUNDLE_IDENTIFIER = com.dongyeong.Chapter01;
				PRODUCT_NAME = "$(TARGET_NAME)";
				SWIFT_EMIT_LOC_STRINGS = YES;
				SWIFT_VERSION = 5.0;
				TARGETED_DEVICE_FAMILY = 1;
			};
			name = Debug;
		};
		EF083C9C289824C2004D262D /* Release */ = {
			isa = XCBuildConfiguration;
			buildSettings = {
				ASSETCATALOG_COMPILER_APPICON_NAME = AppIcon;
				ASSETCATALOG_COMPILER_GLOBAL_ACCENT_COLOR_NAME = AccentColor;
				CODE_SIGN_STYLE = Automatic;
				CURRENT_PROJECT_VERSION = 1;
				DEVELOPMENT_TEAM = 5URVMMXQW6;
				GENERATE_INFOPLIST_FILE = YES;
				INFOPLIST_FILE = Chapter01/info.plist;
				INFOPLIST_KEY_UIApplicationSupportsIndirectInputEvents = YES;
				INFOPLIST_KEY_UILaunchStoryboardName = LaunchScreen;
				INFOPLIST_KEY_UIMainStoryboardFile = Main;
				INFOPLIST_KEY_UISupportedInterfaceOrientations_iPad = "UIInterfaceOrientationPortrait UIInterfaceOrientationPortraitUpsideDown UIInterfaceOrientationLandscapeLeft UIInterfaceOrientationLandscapeRight";
				INFOPLIST_KEY_UISupportedInterfaceOrientations_iPhone = "UIInterfaceOrientationPortrait UIInterfaceOrientationLandscapeLeft UIInterfaceOrientationLandscapeRight";
				LD_RUNPATH_SEARCH_PATHS = (
					"$(inherited)",
					"@executable_path/Frameworks",
				);
				MARKETING_VERSION = 1.0;
				PRODUCT_BUNDLE_IDENTIFIER = com.dongyeong.Chapter01;
				PRODUCT_NAME = "$(TARGET_NAME)";
				SWIFT_EMIT_LOC_STRINGS = YES;
				SWIFT_VERSION = 5.0;
				TARGETED_DEVICE_FAMILY = 1;
			};
			name = Release;
		};
/* End XCBuildConfiguration section */

/* Begin XCConfigurationList section */
		EF083C81289824C1004D262D /* Build configuration list for PBXProject "Chapter01" */ = {
			isa = XCConfigurationList;
			buildConfigurations = (
				EF083C98289824C2004D262D /* Debug */,
				EF083C99289824C2004D262D /* Release */,
			);
			defaultConfigurationIsVisible = 0;
			defaultConfigurationName = Release;
		};
		EF083C9A289824C2004D262D /* Build configuration list for PBXNativeTarget "Chapter01" */ = {
			isa = XCConfigurationList;
			buildConfigurations = (
				EF083C9B289824C2004D262D /* Debug */,
				EF083C9C289824C2004D262D /* Release */,
			);
			defaultConfigurationIsVisible = 0;
			defaultConfigurationName = Release;
		};
/* End XCConfigurationList section */
	};
	rootObject = EF083C7E289824C1004D262D /* Project object */;
}
