// !$*UTF8*$!
{
	archiveVersion = 1;
	classes = {
	};
	objectVersion = 55;
	objects = {

/* Begin PBXBuildFile section */
		69AECB2CDFAFD1757DE83FF4 /* Pods_Chapter03_UINavigationController.framework in Frameworks */ = {isa = PBXBuildFile; fileRef = AA51522A411BF12B1FB4762F /* Pods_Chapter03_UINavigationController.framework */; };
		EF9596CD28B10312009ED0E2 /* AppDelegate.swift in Sources */ = {isa = PBXBuildFile; fileRef = EF9596CC28B10312009ED0E2 /* AppDelegate.swift */; };
		EF9596CF28B10312009ED0E2 /* SceneDelegate.swift in Sources */ = {isa = PBXBuildFile; fileRef = EF9596CE28B10312009ED0E2 /* SceneDelegate.swift */; };
		EF9596D128B10312009ED0E2 /* ViewController.swift in Sources */ = {isa = PBXBuildFile; fileRef = EF9596D028B10312009ED0E2 /* ViewController.swift */; };
		EF9596D428B10312009ED0E2 /* Main.storyboard in Resources */ = {isa = PBXBuildFile; fileRef = EF9596D228B10312009ED0E2 /* Main.storyboard */; };
		EF9596D628B10314009ED0E2 /* Assets.xcassets in Resources */ = {isa = PBXBuildFile; fileRef = EF9596D528B10314009ED0E2 /* Assets.xcassets */; };
		EF9596D928B10314009ED0E2 /* LaunchScreen.storyboard in Resources */ = {isa = PBXBuildFile; fileRef = EF9596D728B10314009ED0E2 /* LaunchScreen.storyboard */; };
		EF9596E328B10345009ED0E2 /* String.swift in Sources */ = {isa = PBXBuildFile; fileRef = EF9596E228B10345009ED0E2 /* String.swift */; };
		EF9596E528B10383009ED0E2 /* Localizable.strings in Resources */ = {isa = PBXBuildFile; fileRef = EF9596E428B10383009ED0E2 /* Localizable.strings */; };
		EF9596E728B15D51009ED0E2 /* CustomAlertVC.swift in Sources */ = {isa = PBXBuildFile; fileRef = EF9596E628B15D51009ED0E2 /* CustomAlertVC.swift */; };
		EF9596E928B16F36009ED0E2 /* MapKitViewController.swift in Sources */ = {isa = PBXBuildFile; fileRef = EF9596E828B16F36009ED0E2 /* MapKitViewController.swift */; };
		EF9596EB28B16FAF009ED0E2 /* RatingViewController.swift in Sources */ = {isa = PBXBuildFile; fileRef = EF9596EA28B16FAF009ED0E2 /* RatingViewController.swift */; };
/* End PBXBuildFile section */

/* Begin PBXFileReference section */
		AA51522A411BF12B1FB4762F /* Pods_Chapter03_UINavigationController.framework */ = {isa = PBXFileReference; explicitFileType = wrapper.framework; includeInIndex = 0; path = Pods_Chapter03_UINavigationController.framework; sourceTree = BUILT_PRODUCTS_DIR; };
		B6324DF63293D836403621DA /* Pods-Chapter03 UINavigationController.debug.xcconfig */ = {isa = PBXFileReference; includeInIndex = 1; lastKnownFileType = text.xcconfig; name = "Pods-Chapter03 UINavigationController.debug.xcconfig"; path = "Target Support Files/Pods-Chapter03 UINavigationController/Pods-Chapter03 UINavigationController.debug.xcconfig"; sourceTree = "<group>"; };
		EB97A7D7C56A8190E9F277FC /* Pods-Chapter03 UINavigationController.release.xcconfig */ = {isa = PBXFileReference; includeInIndex = 1; lastKnownFileType = text.xcconfig; name = "Pods-Chapter03 UINavigationController.release.xcconfig"; path = "Target Support Files/Pods-Chapter03 UINavigationController/Pods-Chapter03 UINavigationController.release.xcconfig"; sourceTree = "<group>"; };
		EF9596C928B10312009ED0E2 /* Chapter03 UINavigationController.app */ = {isa = PBXFileReference; explicitFileType = wrapper.application; includeInIndex = 0; path = "Chapter03 UINavigationController.app"; sourceTree = BUILT_PRODUCTS_DIR; };
		EF9596CC28B10312009ED0E2 /* AppDelegate.swift */ = {isa = PBXFileReference; lastKnownFileType = sourcecode.swift; path = AppDelegate.swift; sourceTree = "<group>"; };
		EF9596CE28B10312009ED0E2 /* SceneDelegate.swift */ = {isa = PBXFileReference; lastKnownFileType = sourcecode.swift; path = SceneDelegate.swift; sourceTree = "<group>"; };
		EF9596D028B10312009ED0E2 /* ViewController.swift */ = {isa = PBXFileReference; lastKnownFileType = sourcecode.swift; path = ViewController.swift; sourceTree = "<group>"; };
		EF9596D328B10312009ED0E2 /* Base */ = {isa = PBXFileReference; lastKnownFileType = file.storyboard; name = Base; path = Base.lproj/Main.storyboard; sourceTree = "<group>"; };
		EF9596D528B10314009ED0E2 /* Assets.xcassets */ = {isa = PBXFileReference; lastKnownFileType = folder.assetcatalog; path = Assets.xcassets; sourceTree = "<group>"; };
		EF9596D828B10314009ED0E2 /* Base */ = {isa = PBXFileReference; lastKnownFileType = file.storyboard; name = Base; path = Base.lproj/LaunchScreen.storyboard; sourceTree = "<group>"; };
		EF9596DA28B10314009ED0E2 /* Info.plist */ = {isa = PBXFileReference; lastKnownFileType = text.plist.xml; path = Info.plist; sourceTree = "<group>"; };
		EF9596E228B10345009ED0E2 /* String.swift */ = {isa = PBXFileReference; lastKnownFileType = sourcecode.swift; path = String.swift; sourceTree = "<group>"; };
		EF9596E428B10383009ED0E2 /* Localizable.strings */ = {isa = PBXFileReference; lastKnownFileType = text.plist.strings; path = Localizable.strings; sourceTree = "<group>"; };
		EF9596E628B15D51009ED0E2 /* CustomAlertVC.swift */ = {isa = PBXFileReference; lastKnownFileType = sourcecode.swift; path = CustomAlertVC.swift; sourceTree = "<group>"; };
		EF9596E828B16F36009ED0E2 /* MapKitViewController.swift */ = {isa = PBXFileReference; lastKnownFileType = sourcecode.swift; path = MapKitViewController.swift; sourceTree = "<group>"; };
		EF9596EA28B16FAF009ED0E2 /* RatingViewController.swift */ = {isa = PBXFileReference; lastKnownFileType = sourcecode.swift; path = RatingViewController.swift; sourceTree = "<group>"; };
/* End PBXFileReference section */

/* Begin PBXFrameworksBuildPhase section */
		EF9596C628B10312009ED0E2 /* Frameworks */ = {
			isa = PBXFrameworksBuildPhase;
			buildActionMask = 2147483647;
			files = (
				69AECB2CDFAFD1757DE83FF4 /* Pods_Chapter03_UINavigationController.framework in Frameworks */,
			);
			runOnlyForDeploymentPostprocessing = 0;
		};
/* End PBXFrameworksBuildPhase section */

/* Begin PBXGroup section */
		1B847EB4577CFA1C3CE1FD91 /* Frameworks */ = {
			isa = PBXGroup;
			children = (
				AA51522A411BF12B1FB4762F /* Pods_Chapter03_UINavigationController.framework */,
			);
			name = Frameworks;
			sourceTree = "<group>";
		};
		8D414219D427D8F63B7771D8 /* Pods */ = {
			isa = PBXGroup;
			children = (
				B6324DF63293D836403621DA /* Pods-Chapter03 UINavigationController.debug.xcconfig */,
				EB97A7D7C56A8190E9F277FC /* Pods-Chapter03 UINavigationController.release.xcconfig */,
			);
			path = Pods;
			sourceTree = "<group>";
		};
		EF9596C028B10312009ED0E2 = {
			isa = PBXGroup;
			children = (
				EF9596CB28B10312009ED0E2 /* Chapter03 UINavigationController */,
				EF9596CA28B10312009ED0E2 /* Products */,
				8D414219D427D8F63B7771D8 /* Pods */,
				1B847EB4577CFA1C3CE1FD91 /* Frameworks */,
			);
			sourceTree = "<group>";
		};
		EF9596CA28B10312009ED0E2 /* Products */ = {
			isa = PBXGroup;
			children = (
				EF9596C928B10312009ED0E2 /* Chapter03 UINavigationController.app */,
			);
			name = Products;
			sourceTree = "<group>";
		};
		EF9596CB28B10312009ED0E2 /* Chapter03 UINavigationController */ = {
			isa = PBXGroup;
			children = (
				EF9596E128B10339009ED0E2 /* Extension */,
				EF9596E028B10330009ED0E2 /* Controller */,
				EF9596CC28B10312009ED0E2 /* AppDelegate.swift */,
				EF9596CE28B10312009ED0E2 /* SceneDelegate.swift */,
				EF9596D228B10312009ED0E2 /* Main.storyboard */,
				EF9596D528B10314009ED0E2 /* Assets.xcassets */,
				EF9596D728B10314009ED0E2 /* LaunchScreen.storyboard */,
				EF9596DA28B10314009ED0E2 /* Info.plist */,
				EF9596E428B10383009ED0E2 /* Localizable.strings */,
			);
			path = "Chapter03 UINavigationController";
			sourceTree = "<group>";
		};
		EF9596E028B10330009ED0E2 /* Controller */ = {
			isa = PBXGroup;
			children = (
				EF9596D028B10312009ED0E2 /* ViewController.swift */,
				EF9596E628B15D51009ED0E2 /* CustomAlertVC.swift */,
				EF9596E828B16F36009ED0E2 /* MapKitViewController.swift */,
				EF9596EA28B16FAF009ED0E2 /* RatingViewController.swift */,
			);
			name = Controller;
			sourceTree = "<group>";
		};
		EF9596E128B10339009ED0E2 /* Extension */ = {
			isa = PBXGroup;
			children = (
				EF9596E228B10345009ED0E2 /* String.swift */,
			);
			path = Extension;
			sourceTree = "<group>";
		};
/* End PBXGroup section */

/* Begin PBXNativeTarget section */
		EF9596C828B10312009ED0E2 /* Chapter03 UINavigationController */ = {
			isa = PBXNativeTarget;
			buildConfigurationList = EF9596DD28B10314009ED0E2 /* Build configuration list for PBXNativeTarget "Chapter03 UINavigationController" */;
			buildPhases = (
				1FF7A62F59816AA380C7C103 /* [CP] Check Pods Manifest.lock */,
				EF9596C528B10312009ED0E2 /* Sources */,
				EF9596C628B10312009ED0E2 /* Frameworks */,
				EF9596C728B10312009ED0E2 /* Resources */,
				33CA2435077470C0F626517B /* [CP] Embed Pods Frameworks */,
			);
			buildRules = (
			);
			dependencies = (
			);
			name = "Chapter03 UINavigationController";
			productName = "Chapter03 UINavigationController";
			productReference = EF9596C928B10312009ED0E2 /* Chapter03 UINavigationController.app */;
			productType = "com.apple.product-type.application";
		};
/* End PBXNativeTarget section */

/* Begin PBXProject section */
		EF9596C128B10312009ED0E2 /* Project object */ = {
			isa = PBXProject;
			attributes = {
				BuildIndependentTargetsInParallel = 1;
				LastSwiftUpdateCheck = 1320;
				LastUpgradeCheck = 1320;
				TargetAttributes = {
					EF9596C828B10312009ED0E2 = {
						CreatedOnToolsVersion = 13.2.1;
					};
				};
			};
			buildConfigurationList = EF9596C428B10312009ED0E2 /* Build configuration list for PBXProject "Chapter03 UINavigationController" */;
			compatibilityVersion = "Xcode 13.0";
			developmentRegion = en;
			hasScannedForEncodings = 0;
			knownRegions = (
				en,
				Base,
			);
			mainGroup = EF9596C028B10312009ED0E2;
			productRefGroup = EF9596CA28B10312009ED0E2 /* Products */;
			projectDirPath = "";
			projectRoot = "";
			targets = (
				EF9596C828B10312009ED0E2 /* Chapter03 UINavigationController */,
			);
		};
/* End PBXProject section */

/* Begin PBXResourcesBuildPhase section */
		EF9596C728B10312009ED0E2 /* Resources */ = {
			isa = PBXResourcesBuildPhase;
			buildActionMask = 2147483647;
			files = (
				EF9596D928B10314009ED0E2 /* LaunchScreen.storyboard in Resources */,
				EF9596E528B10383009ED0E2 /* Localizable.strings in Resources */,
				EF9596D628B10314009ED0E2 /* Assets.xcassets in Resources */,
				EF9596D428B10312009ED0E2 /* Main.storyboard in Resources */,
			);
			runOnlyForDeploymentPostprocessing = 0;
		};
/* End PBXResourcesBuildPhase section */

/* Begin PBXShellScriptBuildPhase section */
		1FF7A62F59816AA380C7C103 /* [CP] Check Pods Manifest.lock */ = {
			isa = PBXShellScriptBuildPhase;
			buildActionMask = 2147483647;
			files = (
			);
			inputFileListPaths = (
			);
			inputPaths = (
				"${PODS_PODFILE_DIR_PATH}/Podfile.lock",
				"${PODS_ROOT}/Manifest.lock",
			);
			name = "[CP] Check Pods Manifest.lock";
			outputFileListPaths = (
			);
			outputPaths = (
				"$(DERIVED_FILE_DIR)/Pods-Chapter03 UINavigationController-checkManifestLockResult.txt",
			);
			runOnlyForDeploymentPostprocessing = 0;
			shellPath = /bin/sh;
			shellScript = "diff \"${PODS_PODFILE_DIR_PATH}/Podfile.lock\" \"${PODS_ROOT}/Manifest.lock\" > /dev/null\nif [ $? != 0 ] ; then\n    # print error to STDERR\n    echo \"error: The sandbox is not in sync with the Podfile.lock. Run 'pod install' or update your CocoaPods installation.\" >&2\n    exit 1\nfi\n# This output is used by Xcode 'outputs' to avoid re-running this script phase.\necho \"SUCCESS\" > \"${SCRIPT_OUTPUT_FILE_0}\"\n";
			showEnvVarsInLog = 0;
		};
		33CA2435077470C0F626517B /* [CP] Embed Pods Frameworks */ = {
			isa = PBXShellScriptBuildPhase;
			buildActionMask = 2147483647;
			files = (
			);
			inputFileListPaths = (
				"${PODS_ROOT}/Target Support Files/Pods-Chapter03 UINavigationController/Pods-Chapter03 UINavigationController-frameworks-${CONFIGURATION}-input-files.xcfilelist",
			);
			name = "[CP] Embed Pods Frameworks";
			outputFileListPaths = (
				"${PODS_ROOT}/Target Support Files/Pods-Chapter03 UINavigationController/Pods-Chapter03 UINavigationController-frameworks-${CONFIGURATION}-output-files.xcfilelist",
			);
			runOnlyForDeploymentPostprocessing = 0;
			shellPath = /bin/sh;
			shellScript = "\"${PODS_ROOT}/Target Support Files/Pods-Chapter03 UINavigationController/Pods-Chapter03 UINavigationController-frameworks.sh\"\n";
			showEnvVarsInLog = 0;
		};
/* End PBXShellScriptBuildPhase section */

/* Begin PBXSourcesBuildPhase section */
		EF9596C528B10312009ED0E2 /* Sources */ = {
			isa = PBXSourcesBuildPhase;
			buildActionMask = 2147483647;
			files = (
				EF9596E928B16F36009ED0E2 /* MapKitViewController.swift in Sources */,
				EF9596D128B10312009ED0E2 /* ViewController.swift in Sources */,
				EF9596CD28B10312009ED0E2 /* AppDelegate.swift in Sources */,
				EF9596E328B10345009ED0E2 /* String.swift in Sources */,
				EF9596E728B15D51009ED0E2 /* CustomAlertVC.swift in Sources */,
				EF9596CF28B10312009ED0E2 /* SceneDelegate.swift in Sources */,
				EF9596EB28B16FAF009ED0E2 /* RatingViewController.swift in Sources */,
			);
			runOnlyForDeploymentPostprocessing = 0;
		};
/* End PBXSourcesBuildPhase section */

/* Begin PBXVariantGroup section */
		EF9596D228B10312009ED0E2 /* Main.storyboard */ = {
			isa = PBXVariantGroup;
			children = (
				EF9596D328B10312009ED0E2 /* Base */,
			);
			name = Main.storyboard;
			sourceTree = "<group>";
		};
		EF9596D728B10314009ED0E2 /* LaunchScreen.storyboard */ = {
			isa = PBXVariantGroup;
			children = (
				EF9596D828B10314009ED0E2 /* Base */,
			);
			name = LaunchScreen.storyboard;
			sourceTree = "<group>";
		};
/* End PBXVariantGroup section */

/* Begin XCBuildConfiguration section */
		EF9596DB28B10314009ED0E2 /* Debug */ = {
			isa = XCBuildConfiguration;
			buildSettings = {
				ALWAYS_SEARCH_USER_PATHS = NO;
				CLANG_ANALYZER_NONNULL = YES;
				CLANG_ANALYZER_NUMBER_OBJECT_CONVERSION = YES_AGGRESSIVE;
				CLANG_CXX_LANGUAGE_STANDARD = "gnu++17";
				CLANG_CXX_LIBRARY = "libc++";
				CLANG_ENABLE_MODULES = YES;
				CLANG_ENABLE_OBJC_ARC = YES;
				CLANG_ENABLE_OBJC_WEAK = YES;
				CLANG_WARN_BLOCK_CAPTURE_AUTORELEASING = YES;
				CLANG_WARN_BOOL_CONVERSION = YES;
				CLANG_WARN_COMMA = YES;
				CLANG_WARN_CONSTANT_CONVERSION = YES;
				CLANG_WARN_DEPRECATED_OBJC_IMPLEMENTATIONS = YES;
				CLANG_WARN_DIRECT_OBJC_ISA_USAGE = YES_ERROR;
				CLANG_WARN_DOCUMENTATION_COMMENTS = YES;
				CLANG_WARN_EMPTY_BODY = YES;
				CLANG_WARN_ENUM_CONVERSION = YES;
				CLANG_WARN_INFINITE_RECURSION = YES;
				CLANG_WARN_INT_CONVERSION = YES;
				CLANG_WARN_NON_LITERAL_NULL_CONVERSION = YES;
				CLANG_WARN_OBJC_IMPLICIT_RETAIN_SELF = YES;
				CLANG_WARN_OBJC_LITERAL_CONVERSION = YES;
				CLANG_WARN_OBJC_ROOT_CLASS = YES_ERROR;
				CLANG_WARN_QUOTED_INCLUDE_IN_FRAMEWORK_HEADER = YES;
				CLANG_WARN_RANGE_LOOP_ANALYSIS = YES;
				CLANG_WARN_STRICT_PROTOTYPES = YES;
				CLANG_WARN_SUSPICIOUS_MOVE = YES;
				CLANG_WARN_UNGUARDED_AVAILABILITY = YES_AGGRESSIVE;
				CLANG_WARN_UNREACHABLE_CODE = YES;
				CLANG_WARN__DUPLICATE_METHOD_MATCH = YES;
				COPY_PHASE_STRIP = NO;
				DEBUG_INFORMATION_FORMAT = dwarf;
				ENABLE_STRICT_OBJC_MSGSEND = YES;
				ENABLE_TESTABILITY = YES;
				GCC_C_LANGUAGE_STANDARD = gnu11;
				GCC_DYNAMIC_NO_PIC = NO;
				GCC_NO_COMMON_BLOCKS = YES;
				GCC_OPTIMIZATION_LEVEL = 0;
				GCC_PREPROCESSOR_DEFINITIONS = (
					"DEBUG=1",
					"$(inherited)",
				);
				GCC_WARN_64_TO_32_BIT_CONVERSION = YES;
				GCC_WARN_ABOUT_RETURN_TYPE = YES_ERROR;
				GCC_WARN_UNDECLARED_SELECTOR = YES;
				GCC_WARN_UNINITIALIZED_AUTOS = YES_AGGRESSIVE;
				GCC_WARN_UNUSED_FUNCTION = YES;
				GCC_WARN_UNUSED_VARIABLE = YES;
				IPHONEOS_DEPLOYMENT_TARGET = 15.2;
				MTL_ENABLE_DEBUG_INFO = INCLUDE_SOURCE;
				MTL_FAST_MATH = YES;
				ONLY_ACTIVE_ARCH = YES;
				SDKROOT = iphoneos;
				SWIFT_ACTIVE_COMPILATION_CONDITIONS = DEBUG;
				SWIFT_OPTIMIZATION_LEVEL = "-Onone";
			};
			name = Debug;
		};
		EF9596DC28B10314009ED0E2 /* Release */ = {
			isa = XCBuildConfiguration;
			buildSettings = {
				ALWAYS_SEARCH_USER_PATHS = NO;
				CLANG_ANALYZER_NONNULL = YES;
				CLANG_ANALYZER_NUMBER_OBJECT_CONVERSION = YES_AGGRESSIVE;
				CLANG_CXX_LANGUAGE_STANDARD = "gnu++17";
				CLANG_CXX_LIBRARY = "libc++";
				CLANG_ENABLE_MODULES = YES;
				CLANG_ENABLE_OBJC_ARC = YES;
				CLANG_ENABLE_OBJC_WEAK = YES;
				CLANG_WARN_BLOCK_CAPTURE_AUTORELEASING = YES;
				CLANG_WARN_BOOL_CONVERSION = YES;
				CLANG_WARN_COMMA = YES;
				CLANG_WARN_CONSTANT_CONVERSION = YES;
				CLANG_WARN_DEPRECATED_OBJC_IMPLEMENTATIONS = YES;
				CLANG_WARN_DIRECT_OBJC_ISA_USAGE = YES_ERROR;
				CLANG_WARN_DOCUMENTATION_COMMENTS = YES;
				CLANG_WARN_EMPTY_BODY = YES;
				CLANG_WARN_ENUM_CONVERSION = YES;
				CLANG_WARN_INFINITE_RECURSION = YES;
				CLANG_WARN_INT_CONVERSION = YES;
				CLANG_WARN_NON_LITERAL_NULL_CONVERSION = YES;
				CLANG_WARN_OBJC_IMPLICIT_RETAIN_SELF = YES;
				CLANG_WARN_OBJC_LITERAL_CONVERSION = YES;
				CLANG_WARN_OBJC_ROOT_CLASS = YES_ERROR;
				CLANG_WARN_QUOTED_INCLUDE_IN_FRAMEWORK_HEADER = YES;
				CLANG_WARN_RANGE_LOOP_ANALYSIS = YES;
				CLANG_WARN_STRICT_PROTOTYPES = YES;
				CLANG_WARN_SUSPICIOUS_MOVE = YES;
				CLANG_WARN_UNGUARDED_AVAILABILITY = YES_AGGRESSIVE;
				CLANG_WARN_UNREACHABLE_CODE = YES;
				CLANG_WARN__DUPLICATE_METHOD_MATCH = YES;
				COPY_PHASE_STRIP = NO;
				DEBUG_INFORMATION_FORMAT = "dwarf-with-dsym";
				ENABLE_NS_ASSERTIONS = NO;
				ENABLE_STRICT_OBJC_MSGSEND = YES;
				GCC_C_LANGUAGE_STANDARD = gnu11;
				GCC_NO_COMMON_BLOCKS = YES;
				GCC_WARN_64_TO_32_BIT_CONVERSION = YES;
				GCC_WARN_ABOUT_RETURN_TYPE = YES_ERROR;
				GCC_WARN_UNDECLARED_SELECTOR = YES;
				GCC_WARN_UNINITIALIZED_AUTOS = YES_AGGRESSIVE;
				GCC_WARN_UNUSED_FUNCTION = YES;
				GCC_WARN_UNUSED_VARIABLE = YES;
				IPHONEOS_DEPLOYMENT_TARGET = 15.2;
				MTL_ENABLE_DEBUG_INFO = NO;
				MTL_FAST_MATH = YES;
				SDKROOT = iphoneos;
				SWIFT_COMPILATION_MODE = wholemodule;
				SWIFT_OPTIMIZATION_LEVEL = "-O";
				VALIDATE_PRODUCT = YES;
			};
			name = Release;
		};
		EF9596DE28B10314009ED0E2 /* Debug */ = {
			isa = XCBuildConfiguration;
			baseConfigurationReference = B6324DF63293D836403621DA /* Pods-Chapter03 UINavigationController.debug.xcconfig */;
			buildSettings = {
				ASSETCATALOG_COMPILER_APPICON_NAME = AppIcon;
				ASSETCATALOG_COMPILER_GLOBAL_ACCENT_COLOR_NAME = AccentColor;
				CODE_SIGN_STYLE = Automatic;
				CURRENT_PROJECT_VERSION = 1;
				DEVELOPMENT_TEAM = 5URVMMXQW6;
				GENERATE_INFOPLIST_FILE = YES;
				INFOPLIST_FILE = "Chapter03 UINavigationController/Info.plist";
				INFOPLIST_KEY_UIApplicationSupportsIndirectInputEvents = YES;
				INFOPLIST_KEY_UILaunchStoryboardName = LaunchScreen;
				INFOPLIST_KEY_UIMainStoryboardFile = Main;
				INFOPLIST_KEY_UISupportedInterfaceOrientations_iPad = "UIInterfaceOrientationPortrait UIInterfaceOrientationPortraitUpsideDown UIInterfaceOrientationLandscapeLeft UIInterfaceOrientationLandscapeRight";
				INFOPLIST_KEY_UISupportedInterfaceOrientations_iPhone = "UIInterfaceOrientationPortrait UIInterfaceOrientationLandscapeLeft UIInterfaceOrientationLandscapeRight";
				LD_RUNPATH_SEARCH_PATHS = (
					"$(inherited)",
					"@executable_path/Frameworks",
				);
				MARKETING_VERSION = 1.0;
				PRODUCT_BUNDLE_IDENTIFIER = "com.dongyeong.Chapter03-UINavigationController";
				PRODUCT_NAME = "$(TARGET_NAME)";
				SWIFT_EMIT_LOC_STRINGS = YES;
				SWIFT_VERSION = 5.0;
				TARGETED_DEVICE_FAMILY = "1,2";
			};
			name = Debug;
		};
		EF9596DF28B10314009ED0E2 /* Release */ = {
			isa = XCBuildConfiguration;
			baseConfigurationReference = EB97A7D7C56A8190E9F277FC /* Pods-Chapter03 UINavigationController.release.xcconfig */;
			buildSettings = {
				ASSETCATALOG_COMPILER_APPICON_NAME = AppIcon;
				ASSETCATALOG_COMPILER_GLOBAL_ACCENT_COLOR_NAME = AccentColor;
				CODE_SIGN_STYLE = Automatic;
				CURRENT_PROJECT_VERSION = 1;
				DEVELOPMENT_TEAM = 5URVMMXQW6;
				GENERATE_INFOPLIST_FILE = YES;
				INFOPLIST_FILE = "Chapter03 UINavigationController/Info.plist";
				INFOPLIST_KEY_UIApplicationSupportsIndirectInputEvents = YES;
				INFOPLIST_KEY_UILaunchStoryboardName = LaunchScreen;
				INFOPLIST_KEY_UIMainStoryboardFile = Main;
				INFOPLIST_KEY_UISupportedInterfaceOrientations_iPad = "UIInterfaceOrientationPortrait UIInterfaceOrientationPortraitUpsideDown UIInterfaceOrientationLandscapeLeft UIInterfaceOrientationLandscapeRight";
				INFOPLIST_KEY_UISupportedInterfaceOrientations_iPhone = "UIInterfaceOrientationPortrait UIInterfaceOrientationLandscapeLeft UIInterfaceOrientationLandscapeRight";
				LD_RUNPATH_SEARCH_PATHS = (
					"$(inherited)",
					"@executable_path/Frameworks",
				);
				MARKETING_VERSION = 1.0;
				PRODUCT_BUNDLE_IDENTIFIER = "com.dongyeong.Chapter03-UINavigationController";
				PRODUCT_NAME = "$(TARGET_NAME)";
				SWIFT_EMIT_LOC_STRINGS = YES;
				SWIFT_VERSION = 5.0;
				TARGETED_DEVICE_FAMILY = "1,2";
			};
			name = Release;
		};
/* End XCBuildConfiguration section */

/* Begin XCConfigurationList section */
		EF9596C428B10312009ED0E2 /* Build configuration list for PBXProject "Chapter03 UINavigationController" */ = {
			isa = XCConfigurationList;
			buildConfigurations = (
				EF9596DB28B10314009ED0E2 /* Debug */,
				EF9596DC28B10314009ED0E2 /* Release */,
			);
			defaultConfigurationIsVisible = 0;
			defaultConfigurationName = Release;
		};
		EF9596DD28B10314009ED0E2 /* Build configuration list for PBXNativeTarget "Chapter03 UINavigationController" */ = {
			isa = XCConfigurationList;
			buildConfigurations = (
				EF9596DE28B10314009ED0E2 /* Debug */,
				EF9596DF28B10314009ED0E2 /* Release */,
			);
			defaultConfigurationIsVisible = 0;
			defaultConfigurationName = Release;
		};
/* End XCConfigurationList section */
	};
	rootObject = EF9596C128B10312009ED0E2 /* Project object */;
}
